
Microsoft Visual Studio Solution File, Format Version 12.00
# Visual Studio Version 17
VisualStudioVersion = 17.2.32630.192
MinimumVisualStudioVersion = 10.0.40219.1
Project("{9A19103F-16F7-4668-BE54-9A1E7A4F7556}") = "R5T.T0156", "R5T.T0156\R5T.T0156.csproj", "{2B7056B2-D8E7-43C8-AF35-71B012F7AFFA}"
EndProject
Project("{2150E333-8FDC-42A3-9474-1A3956D46DE8}") = "_Dependencies", "_Dependencies", "{EA570565-78A6-4336-AA75-094023C01039}"
EndProject
Project("{9A19103F-16F7-4668-BE54-9A1E7A4F7556}") = "R5T.T0143", "..\..\R5T.T0143\source\R5T.T0143\R5T.T0143.csproj", "{DE4173E7-1071-43A6-967D-27482C15341D}"
EndProject
Global
	GlobalSection(NestedProjects) = preSolution
		{DE4173E7-1071-43A6-967D-27482C15341D} = {EA570565-78A6-4336-AA75-094023C01039}
	EndGlobalSection
	GlobalSection(SolutionConfigurationPlatforms) = preSolution
		Debug|Any CPU = Debug|Any CPU
		Release|Any CPU = Release|Any CPU
	EndGlobalSection
	GlobalSection(ProjectConfigurationPlatforms) = postSolution
		{2B7056B2-D8E7-43C8-AF35-71B012F7AFFA}.Debug|Any CPU.ActiveCfg = Debug|Any CPU
		{2B7056B2-D8E7-43C8-AF35-71B012F7AFFA}.Debug|Any CPU.Build.0 = Debug|Any CPU
		{2B7056B2-D8E7-43C8-AF35-71B012F7AFFA}.Release|Any CPU.ActiveCfg = Release|Any CPU
		{2B7056B2-D8E7-43C8-AF35-71B012F7AFFA}.Release|Any CPU.Build.0 = Release|Any CPU
		{DE4173E7-1071-43A6-967D-27482C15341D}.Debug|Any CPU.ActiveCfg = Debug|Any CPU
		{DE4173E7-1071-43A6-967D-27482C15341D}.Debug|Any CPU.Build.0 = Debug|Any CPU
		{DE4173E7-1071-43A6-967D-27482C15341D}.Release|Any CPU.ActiveCfg = Release|Any CPU
		{DE4173E7-1071-43A6-967D-27482C15341D}.Release|Any CPU.Build.0 = Release|Any CPU
	EndGlobalSection
	GlobalSection(SolutionProperties) = preSolution
		HideSolutionNode = FALSE
	EndGlobalSection
	GlobalSection(ExtensibilityGlobals) = postSolution
		SolutionGuid = {D1D7A7BB-1A8F-44F9-BE7A-D84F071D2DC8}
	EndGlobalSection
EndGlobal
